
Microsoft Visual Studio Solution File, Format Version 12.00
# Visual Studio Version 17
VisualStudioVersion = 17.7.34003.232
MinimumVisualStudioVersion = 10.0.40219.1
Project("{FAE04EC0-301F-11D3-BF4B-00C04F79EFBC}") = "Exercise4", "Exercise4\Exercise4.csproj", "{B072555C-491E-4CB6-96F6-322B2138BE5D}"
EndProject
Global
	GlobalSection(SolutionConfigurationPlatforms) = preSolution
		Debug|Any CPU = Debug|Any CPU
		Release|Any CPU = Release|Any CPU
	EndGlobalSection
	GlobalSection(ProjectConfigurationPlatforms) = postSolution
		{B072555C-491E-4CB6-96F6-322B2138BE5D}.Debug|Any CPU.ActiveCfg = Debug|Any CPU
		{B072555C-491E-4CB6-96F6-322B2138BE5D}.Debug|Any CPU.Build.0 = Debug|Any CPU
		{B072555C-491E-4CB6-96F6-322B2138BE5D}.Release|Any CPU.ActiveCfg = Release|Any CPU
		{B072555C-491E-4CB6-96F6-322B2138BE5D}.Release|Any CPU.Build.0 = Release|Any CPU
	EndGlobalSection
	GlobalSection(SolutionProperties) = preSolution
		HideSolutionNode = FALSE
	EndGlobalSection
	GlobalSection(ExtensibilityGlobals) = postSolution
		SolutionGuid = {B54B2D7E-93FD-4B2E-89B1-54E6E87C293C}
	EndGlobalSection
EndGlobal
