
Microsoft Visual Studio Solution File, Format Version 12.00
# Visual Studio Version 17
VisualStudioVersion = 17.7.34003.232
MinimumVisualStudioVersion = 10.0.40219.1
Project("{FAE04EC0-301F-11D3-BF4B-00C04F79EFBC}") = "Test", "Test\Test.csproj", "{8C3C1784-8499-4DFB-8349-3637631F593D}"
EndProject
Global
	GlobalSection(SolutionConfigurationPlatforms) = preSolution
		Debug|Any CPU = Debug|Any CPU
		Release|Any CPU = Release|Any CPU
	EndGlobalSection
	GlobalSection(ProjectConfigurationPlatforms) = postSolution
		{8C3C1784-8499-4DFB-8349-3637631F593D}.Debug|Any CPU.ActiveCfg = Debug|Any CPU
		{8C3C1784-8499-4DFB-8349-3637631F593D}.Debug|Any CPU.Build.0 = Debug|Any CPU
		{8C3C1784-8499-4DFB-8349-3637631F593D}.Release|Any CPU.ActiveCfg = Release|Any CPU
		{8C3C1784-8499-4DFB-8349-3637631F593D}.Release|Any CPU.Build.0 = Release|Any CPU
	EndGlobalSection
	GlobalSection(SolutionProperties) = preSolution
		HideSolutionNode = FALSE
	EndGlobalSection
	GlobalSection(ExtensibilityGlobals) = postSolution
		SolutionGuid = {B2252CD6-89B1-4D21-8316-7F86565F57F6}
	EndGlobalSection
EndGlobal
