
Microsoft Visual Studio Solution File, Format Version 12.00
# Visual Studio Version 17
VisualStudioVersion = 17.7.34003.232
MinimumVisualStudioVersion = 10.0.40219.1
Project("{FAE04EC0-301F-11D3-BF4B-00C04F79EFBC}") = "IfStatements", "IfStatements\IfStatements.csproj", "{49692F86-4094-4204-B830-4871A8CCC7B5}"
EndProject
Global
	GlobalSection(SolutionConfigurationPlatforms) = preSolution
		Debug|Any CPU = Debug|Any CPU
		Release|Any CPU = Release|Any CPU
	EndGlobalSection
	GlobalSection(ProjectConfigurationPlatforms) = postSolution
		{49692F86-4094-4204-B830-4871A8CCC7B5}.Debug|Any CPU.ActiveCfg = Debug|Any CPU
		{49692F86-4094-4204-B830-4871A8CCC7B5}.Debug|Any CPU.Build.0 = Debug|Any CPU
		{49692F86-4094-4204-B830-4871A8CCC7B5}.Release|Any CPU.ActiveCfg = Release|Any CPU
		{49692F86-4094-4204-B830-4871A8CCC7B5}.Release|Any CPU.Build.0 = Release|Any CPU
	EndGlobalSection
	GlobalSection(SolutionProperties) = preSolution
		HideSolutionNode = FALSE
	EndGlobalSection
	GlobalSection(ExtensibilityGlobals) = postSolution
		SolutionGuid = {017B3730-7D2A-4C1D-B3FB-234BC8992070}
	EndGlobalSection
EndGlobal
